
Microsoft Visual Studio Solution File, Format Version 11.00
# Visual Studio 2010
Project("{54435603-DBB4-11D2-8724-00A0C9A8B90C}") = "DogSetup", "DogSetup\DogSetup.vdproj", "{6394F152-FA8D-42D4-B0E7-1B3C6EABB678}"
EndProject
Global
	GlobalSection(SolutionConfigurationPlatforms) = preSolution
		Debug|Default = Debug|Default
		Release|Default = Release|Default
	EndGlobalSection
	GlobalSection(ProjectConfigurationPlatforms) = postSolution
		{6394F152-FA8D-42D4-B0E7-1B3C6EABB678}.Debug|Default.ActiveCfg = Debug
		{6394F152-FA8D-42D4-B0E7-1B3C6EABB678}.Debug|Default.Build.0 = Debug
		{6394F152-FA8D-42D4-B0E7-1B3C6EABB678}.Release|Default.ActiveCfg = Release
		{6394F152-FA8D-42D4-B0E7-1B3C6EABB678}.Release|Default.Build.0 = Release
	EndGlobalSection
	GlobalSection(SolutionProperties) = preSolution
		HideSolutionNode = FALSE
	EndGlobalSection
EndGlobal
