<?xml version="1.0" encoding="utf-8"?>
<Project ToolsVersion="4.0" xmlns="http://schemas.microsoft.com/developer/msbuild/2003">
  <ItemGroup>
    <Filter Include="源文件">
      <UniqueIdentifier>{4FC737F1-C7A5-4376-A066-2A32D752A2FF}</UniqueIdentifier>
      <Extensions>cpp;c;cc;cxx;def;odl;idl;hpj;bat;asm;asmx</Extensions>
    </Filter>
    <Filter Include="头文件">
      <UniqueIdentifier>{93995380-89BD-4b04-88EB-625FBE52EBFB}</UniqueIdentifier>
      <Extensions>h;hh;hpp;hxx;hm;inl;inc;xsd</Extensions>
    </Filter>
    <Filter Include="资源文件">
      <UniqueIdentifier>{67DA6AB6-F800-4c08-8B7A-83BB121AAD01}</UniqueIdentifier>
      <Extensions>rc;ico;cur;bmp;dlg;rc2;rct;bin;rgs;gif;jpg;jpeg;jpe;resx;tiff;tif;png;wav;mfcribbon-ms</Extensions>
    </Filter>
  </ItemGroup>
  <ItemGroup>
    <ClInclude Include="Stdafx.h">
      <Filter>头文件</Filter>
    </ClInclude>
    <ClInclude Include="resource.h">
      <Filter>头文件</Filter>
    </ClInclude>
    <ClInclude Include="channel.h">
      <Filter>头文件</Filter>
    </ClInclude>
    <ClInclude Include="DataDef.h">
      <Filter>头文件</Filter>
    </ClInclude>
    <ClInclude Include="DataManager.h">
      <Filter>头文件</Filter>
    </ClInclude>
    <ClInclude Include="device.h">
      <Filter>头文件</Filter>
    </ClInclude>
    <ClInclude Include="DeviceConnect.h">
      <Filter>头文件</Filter>
    </ClInclude>
    <ClInclude Include="DevMultipleParam.h">
      <Filter>头文件</Filter>
    </ClInclude>
    <ClInclude Include="DevPipeNet.h">
      <Filter>头文件</Filter>
    </ClInclude>
    <ClInclude Include="DevPressureAlarm.h">
      <Filter>头文件</Filter>
    </ClInclude>
    <ClInclude Include="DevWaterMeter.h">
      <Filter>头文件</Filter>
    </ClInclude>
    <ClInclude Include="MyLog.h">
      <Filter>头文件</Filter>
    </ClInclude>
    <ClInclude Include="MyTools.h">
      <Filter>头文件</Filter>
    </ClInclude>
    <ClInclude Include="point.h">
      <Filter>头文件</Filter>
    </ClInclude>
    <ClInclude Include="ProtocolMgr.h">
      <Filter>头文件</Filter>
    </ClInclude>
    <ClInclude Include="TCPModel.h">
      <Filter>头文件</Filter>
    </ClInclude>
    <ClInclude Include="DatabaseMgr.h">
      <Filter>头文件</Filter>
    </ClInclude>
    <ClInclude Include="CommandMgr.h">
      <Filter>头文件</Filter>
    </ClInclude>
    <ClInclude Include="DevMultipleParamCommand.h">
      <Filter>头文件</Filter>
    </ClInclude>
    <ClInclude Include="DevCommand.h">
      <Filter>头文件</Filter>
    </ClInclude>
  </ItemGroup>
  <ItemGroup>
    <ClCompile Include="AssemblyInfo.cpp">
      <Filter>源文件</Filter>
    </ClCompile>
    <ClCompile Include="Stdafx.cpp">
      <Filter>源文件</Filter>
    </ClCompile>
    <ClCompile Include="channel.cpp">
      <Filter>源文件</Filter>
    </ClCompile>
    <ClCompile Include="DataManager.cpp">
      <Filter>源文件</Filter>
    </ClCompile>
    <ClCompile Include="device.cpp">
      <Filter>源文件</Filter>
    </ClCompile>
    <ClCompile Include="DeviceConnect.cpp">
      <Filter>源文件</Filter>
    </ClCompile>
    <ClCompile Include="DevMultipleParam.cpp">
      <Filter>源文件</Filter>
    </ClCompile>
    <ClCompile Include="DevPipeNet.cpp">
      <Filter>源文件</Filter>
    </ClCompile>
    <ClCompile Include="DevPressureAlarm.cpp">
      <Filter>源文件</Filter>
    </ClCompile>
    <ClCompile Include="DevWaterMeter.cpp">
      <Filter>源文件</Filter>
    </ClCompile>
    <ClCompile Include="dllmain.cpp">
      <Filter>源文件</Filter>
    </ClCompile>
    <ClCompile Include="MyLog.cpp">
      <Filter>源文件</Filter>
    </ClCompile>
    <ClCompile Include="MyTools.cpp">
      <Filter>源文件</Filter>
    </ClCompile>
    <ClCompile Include="PipeNetwork.cpp">
      <Filter>源文件</Filter>
    </ClCompile>
    <ClCompile Include="point.cpp">
      <Filter>源文件</Filter>
    </ClCompile>
    <ClCompile Include="ProtocolMgr.cpp">
      <Filter>源文件</Filter>
    </ClCompile>
    <ClCompile Include="TCPModel.cpp">
      <Filter>源文件</Filter>
    </ClCompile>
    <ClCompile Include="DatabaseMgr.cpp">
      <Filter>源文件</Filter>
    </ClCompile>
    <ClCompile Include="CommandMgr.cpp">
      <Filter>源文件</Filter>
    </ClCompile>
    <ClCompile Include="DevMultipleParamCommand.cpp">
      <Filter>源文件</Filter>
    </ClCompile>
    <ClCompile Include="DevCommand.cpp">
      <Filter>源文件</Filter>
    </ClCompile>
  </ItemGroup>
  <ItemGroup>
    <Text Include="ReadMe.txt" />
  </ItemGroup>
  <ItemGroup>
    <ResourceCompile Include="app.rc">
      <Filter>资源文件</Filter>
    </ResourceCompile>
  </ItemGroup>
  <ItemGroup>
    <Image Include="app.ico">
      <Filter>资源文件</Filter>
    </Image>
  </ItemGroup>
</Project>